<?xml version="1.0" encoding="utf-8"?>
<Project ToolsVersion="4.0" xmlns="http://schemas.microsoft.com/developer/msbuild/2003">
  <ItemGroup>
    <Filter Include="Source Files">
      <UniqueIdentifier>{4FC737F1-C7A5-4376-A066-2A32D752A2FF}</UniqueIdentifier>
      <Extensions>cpp;c;cc;cxx;def;odl;idl;hpj;bat;asm;asmx</Extensions>
    </Filter>
    <Filter Include="Header Files">
      <UniqueIdentifier>{93995380-89BD-4b04-88EB-625FBE52EBFB}</UniqueIdentifier>
      <Extensions>h;hh;hpp;hxx;hm;inl;inc;ipp;xsd</Extensions>
    </Filter>
    <Filter Include="Resource Files">
      <UniqueIdentifier>{67DA6AB6-F800-4c08-8B7A-83BB121AAD01}</UniqueIdentifier>
      <Extensions>rc;ico;cur;bmp;dlg;rc2;rct;bin;rgs;gif;jpg;jpeg;jpe;resx;tiff;tif;png;wav;mfcribbon-ms</Extensions>
    </Filter>
  </ItemGroup>
  <ItemGroup>
    <ClInclude Include="Game.h">
      <Filter>Header Files</Filter>
    </ClInclude>
    <ClInclude Include="Level.h">
      <Filter>Header Files</Filter>
    </ClInclude>
    <ClInclude Include="Player.h">
      <Filter>Header Files</Filter>
    </ClInclude>
    <ClInclude Include="Trove.h">
      <Filter>Header Files</Filter>
    </ClInclude>
    <ClInclude Include="LocationContext.h">
      <Filter>Header Files</Filter>
    </ClInclude>
    <ClInclude Include="LocationState.h">
      <Filter>Header Files</Filter>
    </ClInclude>
    <ClInclude Include="Derelict_House.h">
      <Filter>Header Files</Filter>
    </ClInclude>
    <ClInclude Include="TroveBox.h">
      <Filter>Header Files</Filter>
    </ClInclude>
    <ClInclude Include="Statistics.h">
      <Filter>Header Files</Filter>
    </ClInclude>
    <ClInclude Include="NPC.h">
      <Filter>Header Files</Filter>
    </ClInclude>
    <ClInclude Include="Animal.h">
      <Filter>Header Files</Filter>
    </ClInclude>
    <ClInclude Include="Criminal.h">
      <Filter>Header Files</Filter>
    </ClInclude>
    <ClInclude Include="Bystander.h">
      <Filter>Header Files</Filter>
    </ClInclude>
    <ClInclude Include="Worker.h">
      <Filter>Header Files</Filter>
    </ClInclude>
    <ClInclude Include="Dealer.h">
      <Filter>Header Files</Filter>
    </ClInclude>
    <ClInclude Include="Smith.h">
      <Filter>Header Files</Filter>
    </ClInclude>
    <ClInclude Include="City_official.h">
      <Filter>Header Files</Filter>
    </ClInclude>
    <ClInclude Include="Journalist.h">
      <Filter>Header Files</Filter>
    </ClInclude>
    <ClInclude Include="Enums.h">
      <Filter>Header Files</Filter>
    </ClInclude>
    <ClInclude Include="Episodes.h">
      <Filter>Header Files</Filter>
    </ClInclude>
    <ClInclude Include="Arum_City.h">
      <Filter>Header Files</Filter>
    </ClInclude>
    <ClInclude Include="Arum_Suburbs.h">
      <Filter>Header Files</Filter>
    </ClInclude>
    <ClInclude Include="Ghali_Forest.h">
      <Filter>Header Files</Filter>
    </ClInclude>
    <ClInclude Include="Ghali_Riverside.h">
      <Filter>Header Files</Filter>
    </ClInclude>
    <ClInclude Include="Map.h">
      <Filter>Header Files</Filter>
    </ClInclude>
    <ClInclude Include="NPCSDefinitions.h">
      <Filter>Header Files</Filter>
    </ClInclude>
    <ClInclude Include="Title.h">
      <Filter>Header Files</Filter>
    </ClInclude>
    <ClInclude Include="Settings_Body.h">
      <Filter>Header Files</Filter>
    </ClInclude>
    <ClInclude Include="Settings_Body_TXT.h">
      <Filter>Header Files</Filter>
    </ClInclude>
    <ClInclude Include="Settings_Body_XML.h">
      <Filter>Header Files</Filter>
    </ClInclude>
    <ClInclude Include="Settings_Handle.h">
      <Filter>Header Files</Filter>
    </ClInclude>
    <ClInclude Include="TEXT.h">
      <Filter>Header Files</Filter>
    </ClInclude>
    <ClInclude Include="Marsaglia%27s_Xorshift_Random_Numbers.h">
      <Filter>Header Files</Filter>
    </ClInclude>
    <ClInclude Include="C_TEXTS.h">
      <Filter>Header Files</Filter>
    </ClInclude>
    <ClInclude Include="Sort_Body.h">
      <Filter>Header Files</Filter>
    </ClInclude>
    <ClInclude Include="Sort_Body_DMG.h">
      <Filter>Header Files</Filter>
    </ClInclude>
    <ClInclude Include="Sort_Body_VALUE.h">
      <Filter>Header Files</Filter>
    </ClInclude>
    <ClInclude Include="SortHandle.h">
      <Filter>Header Files</Filter>
    </ClInclude>
    <ClInclude Include="Trove_to_NPC_Adapter.h">
      <Filter>Header Files</Filter>
    </ClInclude>
    <ClInclude Include="TXT_Body.h">
      <Filter>Header Files</Filter>
    </ClInclude>
    <ClInclude Include="TXT_Body_English.h">
      <Filter>Header Files</Filter>
    </ClInclude>
    <ClInclude Include="TXT_Body_French.h">
      <Filter>Header Files</Filter>
    </ClInclude>
    <ClInclude Include="TXT_Body_Italian.h">
      <Filter>Header Files</Filter>
    </ClInclude>
    <ClInclude Include="TXT_Body_Polish.h">
      <Filter>Header Files</Filter>
    </ClInclude>
    <ClInclude Include="TXT_Handle.h">
      <Filter>Header Files</Filter>
    </ClInclude>
  </ItemGroup>
  <ItemGroup>
    <ClCompile Include="Game.cpp">
      <Filter>Source Files</Filter>
    </ClCompile>
    <ClCompile Include="Level.cpp">
      <Filter>Source Files</Filter>
    </ClCompile>
    <ClCompile Include="Player.cpp">
      <Filter>Source Files</Filter>
    </ClCompile>
    <ClCompile Include="Trove.cpp">
      <Filter>Source Files</Filter>
    </ClCompile>
    <ClCompile Include="LocationContext.cpp">
      <Filter>Source Files</Filter>
    </ClCompile>
    <ClCompile Include="LocationState.cpp">
      <Filter>Source Files</Filter>
    </ClCompile>
    <ClCompile Include="Derelict_House.cpp">
      <Filter>Source Files</Filter>
    </ClCompile>
    <ClCompile Include="TroveBox.cpp">
      <Filter>Source Files</Filter>
    </ClCompile>
    <ClCompile Include="NPC.cpp">
      <Filter>Source Files</Filter>
    </ClCompile>
    <ClCompile Include="Animal.cpp">
      <Filter>Source Files</Filter>
    </ClCompile>
    <ClCompile Include="Criminal.cpp">
      <Filter>Source Files</Filter>
    </ClCompile>
    <ClCompile Include="Bystander.cpp">
      <Filter>Source Files</Filter>
    </ClCompile>
    <ClCompile Include="Worker.cpp">
      <Filter>Source Files</Filter>
    </ClCompile>
    <ClCompile Include="Dealer.cpp">
      <Filter>Source Files</Filter>
    </ClCompile>
    <ClCompile Include="Smith.cpp">
      <Filter>Source Files</Filter>
    </ClCompile>
    <ClCompile Include="City_official.cpp">
      <Filter>Source Files</Filter>
    </ClCompile>
    <ClCompile Include="Journalist.cpp">
      <Filter>Source Files</Filter>
    </ClCompile>
    <ClCompile Include="test.cpp">
      <Filter>Source Files</Filter>
    </ClCompile>
    <ClCompile Include="Arum_City.cpp">
      <Filter>Source Files</Filter>
    </ClCompile>
    <ClCompile Include="Arum_Suburbs.cpp">
      <Filter>Source Files</Filter>
    </ClCompile>
    <ClCompile Include="Ghali_Riverside.cpp">
      <Filter>Source Files</Filter>
    </ClCompile>
    <ClCompile Include="Ghali_Forest.cpp">
      <Filter>Source Files</Filter>
    </ClCompile>
    <ClCompile Include="Source.cpp">
      <Filter>Source Files</Filter>
    </ClCompile>
    <ClCompile Include="Settings_Body.cpp">
      <Filter>Source Files</Filter>
    </ClCompile>
    <ClCompile Include="Settings_Body_TXT.cpp">
      <Filter>Source Files</Filter>
    </ClCompile>
    <ClCompile Include="Settings_Body_XML.cpp">
      <Filter>Source Files</Filter>
    </ClCompile>
    <ClCompile Include="Settings_Handle.cpp">
      <Filter>Source Files</Filter>
    </ClCompile>
    <ClCompile Include="C_TEXTS.cpp">
      <Filter>Source Files</Filter>
    </ClCompile>
    <ClCompile Include="Sort_Body.cpp">
      <Filter>Source Files</Filter>
    </ClCompile>
    <ClCompile Include="Sort_Body_DMG.cpp">
      <Filter>Source Files</Filter>
    </ClCompile>
    <ClCompile Include="Sort_Body_VALUE.cpp">
      <Filter>Source Files</Filter>
    </ClCompile>
    <ClCompile Include="SortHandle.cpp">
      <Filter>Source Files</Filter>
    </ClCompile>
    <ClCompile Include="Trove_to_NPC_Adapter.cpp">
      <Filter>Source Files</Filter>
    </ClCompile>
    <ClCompile Include="TXT_Body.cpp">
      <Filter>Source Files</Filter>
    </ClCompile>
    <ClCompile Include="TXT_Body_English.cpp">
      <Filter>Source Files</Filter>
    </ClCompile>
    <ClCompile Include="TXT_Body_French.cpp">
      <Filter>Source Files</Filter>
    </ClCompile>
    <ClCompile Include="TXT_Body_Italian.cpp">
      <Filter>Source Files</Filter>
    </ClCompile>
    <ClCompile Include="TXT_Body_Polish.cpp">
      <Filter>Source Files</Filter>
    </ClCompile>
    <ClCompile Include="TXT_Handle.cpp">
      <Filter>Source Files</Filter>
    </ClCompile>
  </ItemGroup>
</Project>